
Microsoft Visual Studio Solution File, Format Version 12.00
# Visual Studio Version 17
VisualStudioVersion = 17.6.33723.286
MinimumVisualStudioVersion = 10.0.40219.1
Project("{FAE04EC0-301F-11D3-BF4B-00C04F79EFBC}") = "E3D Spec Editor", "E3D Spec Editor\E3D Spec Editor.csproj", "{7887DDE6-12FE-40F2-AB7F-AF5BB2DA18B7}"
EndProject
Global
	GlobalSection(SolutionConfigurationPlatforms) = preSolution
		Debug|Any CPU = Debug|Any CPU
		Release|Any CPU = Release|Any CPU
	EndGlobalSection
	GlobalSection(ProjectConfigurationPlatforms) = postSolution
		{7887DDE6-12FE-40F2-AB7F-AF5BB2DA18B7}.Debug|Any CPU.ActiveCfg = Debug|Any CPU
		{7887DDE6-12FE-40F2-AB7F-AF5BB2DA18B7}.Debug|Any CPU.Build.0 = Debug|Any CPU
		{7887DDE6-12FE-40F2-AB7F-AF5BB2DA18B7}.Release|Any CPU.ActiveCfg = Release|Any CPU
		{7887DDE6-12FE-40F2-AB7F-AF5BB2DA18B7}.Release|Any CPU.Build.0 = Release|Any CPU
	EndGlobalSection
	GlobalSection(SolutionProperties) = preSolution
		HideSolutionNode = FALSE
	EndGlobalSection
	GlobalSection(ExtensibilityGlobals) = postSolution
		SolutionGuid = {89B1E07F-A31B-49B6-950A-B3EC04B328B9}
	EndGlobalSection
EndGlobal
